
Microsoft Visual Studio Solution File, Format Version 12.00
# Visual Studio Version 17
VisualStudioVersion = 17.0.31903.59
MinimumVisualStudioVersion = 10.0.40219.1
Project("{2150E333-8FDC-42A3-9474-1A3956D46DE8}") = "src", "src", "{827E0CD3-B72D-47B6-A68D-7590B98EB39B}"
EndProject
Project("{FAE04EC0-301F-11D3-BF4B-00C04F79EFBC}") = "DotnetMigrationDemo.Core", "src\DotnetMigrationDemo.Core\DotnetMigrationDemo.Core.csproj", "{C5AF3C3B-B7FE-445E-8270-768A8F597E7A}"
EndProject
Project("{FAE04EC0-301F-11D3-BF4B-00C04F79EFBC}") = "DotnetMigrationDemo.Api", "src\DotnetMigrationDemo.Api\DotnetMigrationDemo.Api.csproj", "{D41FF97C-4021-4351-BFFA-B6F9E4F952E8}"
EndProject
Project("{FAE04EC0-301F-11D3-BF4B-00C04F79EFBC}") = "DotnetMigrationDemo.Services", "src\DotnetMigrationDemo.Services\DotnetMigrationDemo.Services.csproj", "{95290CBD-CA05-449C-886E-47279FC1E1B3}"
EndProject
Project("{2150E333-8FDC-42A3-9474-1A3956D46DE8}") = "tests", "tests", "{0AB3BF05-4346-4AA6-1389-037BE0695223}"
EndProject
Project("{FAE04EC0-301F-11D3-BF4B-00C04F79EFBC}") = "DotnetMigrationDemo.Tests", "tests\DotnetMigrationDemo.Tests\DotnetMigrationDemo.Tests.csproj", "{3C426372-DBFF-426B-9095-04BB72A32A82}"
EndProject
Global
	GlobalSection(SolutionConfigurationPlatforms) = preSolution
		Debug|Any CPU = Debug|Any CPU
		Debug|x64 = Debug|x64
		Debug|x86 = Debug|x86
		Release|Any CPU = Release|Any CPU
		Release|x64 = Release|x64
		Release|x86 = Release|x86
	EndGlobalSection
	GlobalSection(ProjectConfigurationPlatforms) = postSolution
		{C5AF3C3B-B7FE-445E-8270-768A8F597E7A}.Debug|Any CPU.ActiveCfg = Debug|Any CPU
		{C5AF3C3B-B7FE-445E-8270-768A8F597E7A}.Debug|Any CPU.Build.0 = Debug|Any CPU
		{C5AF3C3B-B7FE-445E-8270-768A8F597E7A}.Debug|x64.ActiveCfg = Debug|Any CPU
		{C5AF3C3B-B7FE-445E-8270-768A8F597E7A}.Debug|x64.Build.0 = Debug|Any CPU
		{C5AF3C3B-B7FE-445E-8270-768A8F597E7A}.Debug|x86.ActiveCfg = Debug|Any CPU
		{C5AF3C3B-B7FE-445E-8270-768A8F597E7A}.Debug|x86.Build.0 = Debug|Any CPU
		{C5AF3C3B-B7FE-445E-8270-768A8F597E7A}.Release|Any CPU.ActiveCfg = Release|Any CPU
		{C5AF3C3B-B7FE-445E-8270-768A8F597E7A}.Release|Any CPU.Build.0 = Release|Any CPU
		{C5AF3C3B-B7FE-445E-8270-768A8F597E7A}.Release|x64.ActiveCfg = Release|Any CPU
		{C5AF3C3B-B7FE-445E-8270-768A8F597E7A}.Release|x64.Build.0 = Release|Any CPU
		{C5AF3C3B-B7FE-445E-8270-768A8F597E7A}.Release|x86.ActiveCfg = Release|Any CPU
		{C5AF3C3B-B7FE-445E-8270-768A8F597E7A}.Release|x86.Build.0 = Release|Any CPU
		{D41FF97C-4021-4351-BFFA-B6F9E4F952E8}.Debug|Any CPU.ActiveCfg = Debug|Any CPU
		{D41FF97C-4021-4351-BFFA-B6F9E4F952E8}.Debug|Any CPU.Build.0 = Debug|Any CPU
		{D41FF97C-4021-4351-BFFA-B6F9E4F952E8}.Debug|x64.ActiveCfg = Debug|Any CPU
		{D41FF97C-4021-4351-BFFA-B6F9E4F952E8}.Debug|x64.Build.0 = Debug|Any CPU
		{D41FF97C-4021-4351-BFFA-B6F9E4F952E8}.Debug|x86.ActiveCfg = Debug|Any CPU
		{D41FF97C-4021-4351-BFFA-B6F9E4F952E8}.Debug|x86.Build.0 = Debug|Any CPU
		{D41FF97C-4021-4351-BFFA-B6F9E4F952E8}.Release|Any CPU.ActiveCfg = Release|Any CPU
		{D41FF97C-4021-4351-BFFA-B6F9E4F952E8}.Release|Any CPU.Build.0 = Release|Any CPU
		{D41FF97C-4021-4351-BFFA-B6F9E4F952E8}.Release|x64.ActiveCfg = Release|Any CPU
		{D41FF97C-4021-4351-BFFA-B6F9E4F952E8}.Release|x64.Build.0 = Release|Any CPU
		{D41FF97C-4021-4351-BFFA-B6F9E4F952E8}.Release|x86.ActiveCfg = Release|Any CPU
		{D41FF97C-4021-4351-BFFA-B6F9E4F952E8}.Release|x86.Build.0 = Release|Any CPU
		{95290CBD-CA05-449C-886E-47279FC1E1B3}.Debug|Any CPU.ActiveCfg = Debug|Any CPU
		{95290CBD-CA05-449C-886E-47279FC1E1B3}.Debug|Any CPU.Build.0 = Debug|Any CPU
		{95290CBD-CA05-449C-886E-47279FC1E1B3}.Debug|x64.ActiveCfg = Debug|Any CPU
		{95290CBD-CA05-449C-886E-47279FC1E1B3}.Debug|x64.Build.0 = Debug|Any CPU
		{95290CBD-CA05-449C-886E-47279FC1E1B3}.Debug|x86.ActiveCfg = Debug|Any CPU
		{95290CBD-CA05-449C-886E-47279FC1E1B3}.Debug|x86.Build.0 = Debug|Any CPU
		{95290CBD-CA05-449C-886E-47279FC1E1B3}.Release|Any CPU.ActiveCfg = Release|Any CPU
		{95290CBD-CA05-449C-886E-47279FC1E1B3}.Release|Any CPU.Build.0 = Release|Any CPU
		{95290CBD-CA05-449C-886E-47279FC1E1B3}.Release|x64.ActiveCfg = Release|Any CPU
		{95290CBD-CA05-449C-886E-47279FC1E1B3}.Release|x64.Build.0 = Release|Any CPU
		{95290CBD-CA05-449C-886E-47279FC1E1B3}.Release|x86.ActiveCfg = Release|Any CPU
		{95290CBD-CA05-449C-886E-47279FC1E1B3}.Release|x86.Build.0 = Release|Any CPU
		{3C426372-DBFF-426B-9095-04BB72A32A82}.Debug|Any CPU.ActiveCfg = Debug|Any CPU
		{3C426372-DBFF-426B-9095-04BB72A32A82}.Debug|Any CPU.Build.0 = Debug|Any CPU
		{3C426372-DBFF-426B-9095-04BB72A32A82}.Debug|x64.ActiveCfg = Debug|Any CPU
		{3C426372-DBFF-426B-9095-04BB72A32A82}.Debug|x64.Build.0 = Debug|Any CPU
		{3C426372-DBFF-426B-9095-04BB72A32A82}.Debug|x86.ActiveCfg = Debug|Any CPU
		{3C426372-DBFF-426B-9095-04BB72A32A82}.Debug|x86.Build.0 = Debug|Any CPU
		{3C426372-DBFF-426B-9095-04BB72A32A82}.Release|Any CPU.ActiveCfg = Release|Any CPU
		{3C426372-DBFF-426B-9095-04BB72A32A82}.Release|Any CPU.Build.0 = Release|Any CPU
		{3C426372-DBFF-426B-9095-04BB72A32A82}.Release|x64.ActiveCfg = Release|Any CPU
		{3C426372-DBFF-426B-9095-04BB72A32A82}.Release|x64.Build.0 = Release|Any CPU
		{3C426372-DBFF-426B-9095-04BB72A32A82}.Release|x86.ActiveCfg = Release|Any CPU
		{3C426372-DBFF-426B-9095-04BB72A32A82}.Release|x86.Build.0 = Release|Any CPU
	EndGlobalSection
	GlobalSection(SolutionProperties) = preSolution
		HideSolutionNode = FALSE
	EndGlobalSection
	GlobalSection(NestedProjects) = preSolution
		{C5AF3C3B-B7FE-445E-8270-768A8F597E7A} = {827E0CD3-B72D-47B6-A68D-7590B98EB39B}
		{D41FF97C-4021-4351-BFFA-B6F9E4F952E8} = {827E0CD3-B72D-47B6-A68D-7590B98EB39B}
		{95290CBD-CA05-449C-886E-47279FC1E1B3} = {827E0CD3-B72D-47B6-A68D-7590B98EB39B}
		{3C426372-DBFF-426B-9095-04BB72A32A82} = {0AB3BF05-4346-4AA6-1389-037BE0695223}
	EndGlobalSection
EndGlobal
